
Microsoft Visual Studio Solution File, Format Version 12.00
# Visual Studio 2012
Project("{FAE04EC0-301F-11D3-BF4B-00C04F79EFBC}") = "OHannah", "OHannah\OHannah.csproj", "{0C402F7F-1243-4B49-B0B0-36D167C87788}"
EndProject
Global
	GlobalSection(SolutionConfigurationPlatforms) = preSolution
		Debug|Any CPU = Debug|Any CPU
		Release|Any CPU = Release|Any CPU
	EndGlobalSection
	GlobalSection(ProjectConfigurationPlatforms) = postSolution
		{0C402F7F-1243-4B49-B0B0-36D167C87788}.Debug|Any CPU.ActiveCfg = Debug|Any CPU
		{0C402F7F-1243-4B49-B0B0-36D167C87788}.Debug|Any CPU.Build.0 = Debug|Any CPU
		{0C402F7F-1243-4B49-B0B0-36D167C87788}.Release|Any CPU.ActiveCfg = Release|Any CPU
		{0C402F7F-1243-4B49-B0B0-36D167C87788}.Release|Any CPU.Build.0 = Release|Any CPU
	EndGlobalSection
	GlobalSection(SolutionProperties) = preSolution
		HideSolutionNode = FALSE
	EndGlobalSection
EndGlobal
